
Microsoft Visual Studio Solution File, Format Version 12.00
# Visual Studio Version 17
VisualStudioVersion = 17.14.36429.23
MinimumVisualStudioVersion = 10.0.40219.1
Project("{FAE04EC0-301F-11D3-BF4B-00C04F79EFBC}") = "Temple.Domain", "Temple.Domain\Temple.Domain.csproj", "{986F6C64-CC38-462C-B385-FC49F736A0C9}"
EndProject
Project("{FAE04EC0-301F-11D3-BF4B-00C04F79EFBC}") = "Temple.Persistence", "Temple.Persistence\Temple.Persistence.csproj", "{E744B58D-EBD7-4095-B0E8-22D7C10D143C}"
EndProject
Project("{FAE04EC0-301F-11D3-BF4B-00C04F79EFBC}") = "Temple.Persistence.Versioned", "Temple.Persistence.Versioned\Temple.Persistence.Versioned.csproj", "{DCDAA560-D7A5-45B5-9FA7-D4C14958FB58}"
EndProject
Project("{FAE04EC0-301F-11D3-BF4B-00C04F79EFBC}") = "Temple.Persistence.EFCore.AppData", "Temple.Persistence.EFCore.AppData\Temple.Persistence.EFCore.AppData.csproj", "{CDC5B4E8-4898-4FC9-8BA8-BAE96FF1C6CE}"
EndProject
Project("{FAE04EC0-301F-11D3-BF4B-00C04F79EFBC}") = "Temple.Persistence.EFCore.Identity", "Temple.Persistence.EFCore.Identity\Temple.Persistence.EFCore.Identity.csproj", "{E85B881F-0C0E-487F-9595-E5C6458DB314}"
EndProject
Project("{FAE04EC0-301F-11D3-BF4B-00C04F79EFBC}") = "Temple.Persistence.EFCore.Dummies", "Temple.Persistence.EFCore.Dummies\Temple.Persistence.EFCore.Dummies.csproj", "{37AE8D44-9251-47C4-91E7-13B283316537}"
EndProject
Project("{FAE04EC0-301F-11D3-BF4B-00C04F79EFBC}") = "Temple.Application", "Temple.Application\Temple.Application.csproj", "{00740FED-D3E8-45B2-9BFC-B491F9D4376F}"
EndProject
Project("{FAE04EC0-301F-11D3-BF4B-00C04F79EFBC}") = "Temple.Infrastructure", "Temple.Infrastructure\Temple.Infrastructure.csproj", "{36BEAC2D-4C6E-4FF0-B43E-CB7AD1EDDB4E}"
EndProject
Project("{FAE04EC0-301F-11D3-BF4B-00C04F79EFBC}") = "Temple.POC.ConsoleApp", "Temple.POC.ConsoleApp\Temple.POC.ConsoleApp.csproj", "{A5D01E25-D415-455E-B0D2-46B7B6475A26}"
EndProject
Project("{FAE04EC0-301F-11D3-BF4B-00C04F79EFBC}") = "Temple.POC.WPFApp", "Temple.POC.WPFApp\Temple.POC.WPFApp.csproj", "{2013894B-CC05-405B-BA92-F9554DBB7438}"
EndProject
Project("{FAE04EC0-301F-11D3-BF4B-00C04F79EFBC}") = "Temple.POC.AvaloniaApp", "Temple.POC.AvaloniaApp\Temple.POC.AvaloniaApp.csproj", "{DB4A6A8A-FBD8-4015-B133-B517E5897156}"
EndProject
Project("{FAE04EC0-301F-11D3-BF4B-00C04F79EFBC}") = "Temple.UI.Console", "Temple.UI.Console\Temple.UI.Console.csproj", "{8F47F326-3A3C-4E37-ADB6-2FC91FA1A511}"
EndProject
Project("{FAE04EC0-301F-11D3-BF4B-00C04F79EFBC}") = "Temple.API", "Temple.API\Temple.API.csproj", "{6CC8A9A8-F7D6-4327-A60E-B0287DEDCCB4}"
EndProject
Project("{FAE04EC0-301F-11D3-BF4B-00C04F79EFBC}") = "Temple.UI.WPF", "Temple.UI.WPF\Temple.UI.WPF.csproj", "{D531CAD1-6766-4FC2-B674-A1F641891FA6}"
EndProject
Project("{FAE04EC0-301F-11D3-BF4B-00C04F79EFBC}") = "Temple.ViewModel", "Temple.ViewModel\Temple.ViewModel.csproj", "{39E90974-44C1-49B3-8799-03C4C078EF1E}"
EndProject
Project("{2150E333-8FDC-42A3-9474-1A3956D46DE8}") = "Solution Items", "Solution Items", "{8EC462FD-D22E-90A8-E5CE-7E832BA40C5D}"
	ProjectSection(SolutionItems) = preProject
		Backlog.txt = Backlog.txt
		nuget.config = nuget.config
	EndProjectSection
EndProject
Project("{FAE04EC0-301F-11D3-BF4B-00C04F79EFBC}") = "Temple.Infrastructure.Presentation", "Temple.Infrastructure.Presentation\Temple.Infrastructure.Presentation.csproj", "{129AEE29-5061-4335-8E5F-0D65EEEF93A6}"
EndProject
Global
	GlobalSection(SolutionConfigurationPlatforms) = preSolution
		Debug|Any CPU = Debug|Any CPU
		Release|Any CPU = Release|Any CPU
	EndGlobalSection
	GlobalSection(ProjectConfigurationPlatforms) = postSolution
		{986F6C64-CC38-462C-B385-FC49F736A0C9}.Debug|Any CPU.ActiveCfg = Debug|Any CPU
		{986F6C64-CC38-462C-B385-FC49F736A0C9}.Debug|Any CPU.Build.0 = Debug|Any CPU
		{986F6C64-CC38-462C-B385-FC49F736A0C9}.Release|Any CPU.ActiveCfg = Release|Any CPU
		{986F6C64-CC38-462C-B385-FC49F736A0C9}.Release|Any CPU.Build.0 = Release|Any CPU
		{E744B58D-EBD7-4095-B0E8-22D7C10D143C}.Debug|Any CPU.ActiveCfg = Debug|Any CPU
		{E744B58D-EBD7-4095-B0E8-22D7C10D143C}.Debug|Any CPU.Build.0 = Debug|Any CPU
		{E744B58D-EBD7-4095-B0E8-22D7C10D143C}.Release|Any CPU.ActiveCfg = Release|Any CPU
		{E744B58D-EBD7-4095-B0E8-22D7C10D143C}.Release|Any CPU.Build.0 = Release|Any CPU
		{DCDAA560-D7A5-45B5-9FA7-D4C14958FB58}.Debug|Any CPU.ActiveCfg = Debug|Any CPU
		{DCDAA560-D7A5-45B5-9FA7-D4C14958FB58}.Debug|Any CPU.Build.0 = Debug|Any CPU
		{DCDAA560-D7A5-45B5-9FA7-D4C14958FB58}.Release|Any CPU.ActiveCfg = Release|Any CPU
		{DCDAA560-D7A5-45B5-9FA7-D4C14958FB58}.Release|Any CPU.Build.0 = Release|Any CPU
		{CDC5B4E8-4898-4FC9-8BA8-BAE96FF1C6CE}.Debug|Any CPU.ActiveCfg = Debug|Any CPU
		{CDC5B4E8-4898-4FC9-8BA8-BAE96FF1C6CE}.Debug|Any CPU.Build.0 = Debug|Any CPU
		{CDC5B4E8-4898-4FC9-8BA8-BAE96FF1C6CE}.Release|Any CPU.ActiveCfg = Release|Any CPU
		{CDC5B4E8-4898-4FC9-8BA8-BAE96FF1C6CE}.Release|Any CPU.Build.0 = Release|Any CPU
		{E85B881F-0C0E-487F-9595-E5C6458DB314}.Debug|Any CPU.ActiveCfg = Debug|Any CPU
		{E85B881F-0C0E-487F-9595-E5C6458DB314}.Debug|Any CPU.Build.0 = Debug|Any CPU
		{E85B881F-0C0E-487F-9595-E5C6458DB314}.Release|Any CPU.ActiveCfg = Release|Any CPU
		{E85B881F-0C0E-487F-9595-E5C6458DB314}.Release|Any CPU.Build.0 = Release|Any CPU
		{37AE8D44-9251-47C4-91E7-13B283316537}.Debug|Any CPU.ActiveCfg = Debug|Any CPU
		{37AE8D44-9251-47C4-91E7-13B283316537}.Debug|Any CPU.Build.0 = Debug|Any CPU
		{37AE8D44-9251-47C4-91E7-13B283316537}.Release|Any CPU.ActiveCfg = Release|Any CPU
		{37AE8D44-9251-47C4-91E7-13B283316537}.Release|Any CPU.Build.0 = Release|Any CPU
		{00740FED-D3E8-45B2-9BFC-B491F9D4376F}.Debug|Any CPU.ActiveCfg = Debug|Any CPU
		{00740FED-D3E8-45B2-9BFC-B491F9D4376F}.Debug|Any CPU.Build.0 = Debug|Any CPU
		{00740FED-D3E8-45B2-9BFC-B491F9D4376F}.Release|Any CPU.ActiveCfg = Release|Any CPU
		{00740FED-D3E8-45B2-9BFC-B491F9D4376F}.Release|Any CPU.Build.0 = Release|Any CPU
		{36BEAC2D-4C6E-4FF0-B43E-CB7AD1EDDB4E}.Debug|Any CPU.ActiveCfg = Debug|Any CPU
		{36BEAC2D-4C6E-4FF0-B43E-CB7AD1EDDB4E}.Debug|Any CPU.Build.0 = Debug|Any CPU
		{36BEAC2D-4C6E-4FF0-B43E-CB7AD1EDDB4E}.Release|Any CPU.ActiveCfg = Release|Any CPU
		{36BEAC2D-4C6E-4FF0-B43E-CB7AD1EDDB4E}.Release|Any CPU.Build.0 = Release|Any CPU
		{A5D01E25-D415-455E-B0D2-46B7B6475A26}.Debug|Any CPU.ActiveCfg = Debug|Any CPU
		{A5D01E25-D415-455E-B0D2-46B7B6475A26}.Debug|Any CPU.Build.0 = Debug|Any CPU
		{A5D01E25-D415-455E-B0D2-46B7B6475A26}.Release|Any CPU.ActiveCfg = Release|Any CPU
		{A5D01E25-D415-455E-B0D2-46B7B6475A26}.Release|Any CPU.Build.0 = Release|Any CPU
		{2013894B-CC05-405B-BA92-F9554DBB7438}.Debug|Any CPU.ActiveCfg = Debug|Any CPU
		{2013894B-CC05-405B-BA92-F9554DBB7438}.Debug|Any CPU.Build.0 = Debug|Any CPU
		{2013894B-CC05-405B-BA92-F9554DBB7438}.Release|Any CPU.ActiveCfg = Release|Any CPU
		{2013894B-CC05-405B-BA92-F9554DBB7438}.Release|Any CPU.Build.0 = Release|Any CPU
		{DB4A6A8A-FBD8-4015-B133-B517E5897156}.Debug|Any CPU.ActiveCfg = Debug|Any CPU
		{DB4A6A8A-FBD8-4015-B133-B517E5897156}.Debug|Any CPU.Build.0 = Debug|Any CPU
		{DB4A6A8A-FBD8-4015-B133-B517E5897156}.Release|Any CPU.ActiveCfg = Release|Any CPU
		{DB4A6A8A-FBD8-4015-B133-B517E5897156}.Release|Any CPU.Build.0 = Release|Any CPU
		{8F47F326-3A3C-4E37-ADB6-2FC91FA1A511}.Debug|Any CPU.ActiveCfg = Debug|Any CPU
		{8F47F326-3A3C-4E37-ADB6-2FC91FA1A511}.Debug|Any CPU.Build.0 = Debug|Any CPU
		{8F47F326-3A3C-4E37-ADB6-2FC91FA1A511}.Release|Any CPU.ActiveCfg = Release|Any CPU
		{8F47F326-3A3C-4E37-ADB6-2FC91FA1A511}.Release|Any CPU.Build.0 = Release|Any CPU
		{6CC8A9A8-F7D6-4327-A60E-B0287DEDCCB4}.Debug|Any CPU.ActiveCfg = Debug|Any CPU
		{6CC8A9A8-F7D6-4327-A60E-B0287DEDCCB4}.Debug|Any CPU.Build.0 = Debug|Any CPU
		{6CC8A9A8-F7D6-4327-A60E-B0287DEDCCB4}.Release|Any CPU.ActiveCfg = Release|Any CPU
		{6CC8A9A8-F7D6-4327-A60E-B0287DEDCCB4}.Release|Any CPU.Build.0 = Release|Any CPU
		{D531CAD1-6766-4FC2-B674-A1F641891FA6}.Debug|Any CPU.ActiveCfg = Debug|Any CPU
		{D531CAD1-6766-4FC2-B674-A1F641891FA6}.Debug|Any CPU.Build.0 = Debug|Any CPU
		{D531CAD1-6766-4FC2-B674-A1F641891FA6}.Release|Any CPU.ActiveCfg = Release|Any CPU
		{D531CAD1-6766-4FC2-B674-A1F641891FA6}.Release|Any CPU.Build.0 = Release|Any CPU
		{39E90974-44C1-49B3-8799-03C4C078EF1E}.Debug|Any CPU.ActiveCfg = Debug|Any CPU
		{39E90974-44C1-49B3-8799-03C4C078EF1E}.Debug|Any CPU.Build.0 = Debug|Any CPU
		{39E90974-44C1-49B3-8799-03C4C078EF1E}.Release|Any CPU.ActiveCfg = Release|Any CPU
		{39E90974-44C1-49B3-8799-03C4C078EF1E}.Release|Any CPU.Build.0 = Release|Any CPU
		{129AEE29-5061-4335-8E5F-0D65EEEF93A6}.Debug|Any CPU.ActiveCfg = Debug|Any CPU
		{129AEE29-5061-4335-8E5F-0D65EEEF93A6}.Debug|Any CPU.Build.0 = Debug|Any CPU
		{129AEE29-5061-4335-8E5F-0D65EEEF93A6}.Release|Any CPU.ActiveCfg = Release|Any CPU
		{129AEE29-5061-4335-8E5F-0D65EEEF93A6}.Release|Any CPU.Build.0 = Release|Any CPU
	EndGlobalSection
	GlobalSection(SolutionProperties) = preSolution
		HideSolutionNode = FALSE
	EndGlobalSection
	GlobalSection(ExtensibilityGlobals) = postSolution
		SolutionGuid = {F1EBCD30-1DDC-49B1-B1A3-352131710AEA}
	EndGlobalSection
EndGlobal
